
Microsoft Visual Studio Solution File, Format Version 12.00
# Visual Studio Version 17
VisualStudioVersion = 17.7.34221.43
MinimumVisualStudioVersion = 10.0.40219.1
Project("{FAE04EC0-301F-11D3-BF4B-00C04F79EFBC}") = "NutellaTinderElla", "NutellaTinderElla\NutellaTinderElla.csproj", "{864881FE-C1E5-44BE-BBA9-D81E08DD02CC}"
EndProject
Global
	GlobalSection(SolutionConfigurationPlatforms) = preSolution
		Debug|Any CPU = Debug|Any CPU
		Release|Any CPU = Release|Any CPU
	EndGlobalSection
	GlobalSection(ProjectConfigurationPlatforms) = postSolution
		{864881FE-C1E5-44BE-BBA9-D81E08DD02CC}.Debug|Any CPU.ActiveCfg = Debug|Any CPU
		{864881FE-C1E5-44BE-BBA9-D81E08DD02CC}.Debug|Any CPU.Build.0 = Debug|Any CPU
		{864881FE-C1E5-44BE-BBA9-D81E08DD02CC}.Release|Any CPU.ActiveCfg = Release|Any CPU
		{864881FE-C1E5-44BE-BBA9-D81E08DD02CC}.Release|Any CPU.Build.0 = Release|Any CPU
	EndGlobalSection
	GlobalSection(SolutionProperties) = preSolution
		HideSolutionNode = FALSE
	EndGlobalSection
	GlobalSection(ExtensibilityGlobals) = postSolution
		SolutionGuid = {7A9C54EA-1AA8-4952-8CC9-1C248CF09A6C}
	EndGlobalSection
EndGlobal
